{
  "requires": true,
  "lockfileVersion": 1,
  "dependencies": {
    "relative-time-format": {
      "version": "1.0.5",
      "resolved": "https://registry.npmjs.org/relative-time-format/-/relative-time-format-1.0.5.tgz",
      "integrity": "sha512-MAgx/YKcUQYJpIaWcfetPstElnWf26JxVis4PirdwVrrymFdbxyCSm6yENpfB1YuwFbtHSHksN3aBajVNxk10Q=="
    }
  }
}
